
Microsoft Visual Studio Solution File, Format Version 12.00
# Visual Studio 14
VisualStudioVersion = 14.0.24720.0
MinimumVisualStudioVersion = 10.0.40219.1
Project("{FAE04EC0-301F-11D3-BF4B-00C04F79EFBC}") = "ForgetTheMilk", "ForgetTheMilk\ForgetTheMilk.csproj", "{B59CFD06-8E23-4591-84DB-7429A0F3302A}"
EndProject
Project("{FAE04EC0-301F-11D3-BF4B-00C04F79EFBC}") = "ConsoleVerification", "ConsoleVerification\ConsoleVerification.csproj", "{C6505F62-352A-461C-BF0D-86D626835B2B}"
EndProject
Global
	GlobalSection(SolutionConfigurationPlatforms) = preSolution
		Debug|Any CPU = Debug|Any CPU
		Release|Any CPU = Release|Any CPU
	EndGlobalSection
	GlobalSection(ProjectConfigurationPlatforms) = postSolution
		{B59CFD06-8E23-4591-84DB-7429A0F3302A}.Debug|Any CPU.ActiveCfg = Debug|Any CPU
		{B59CFD06-8E23-4591-84DB-7429A0F3302A}.Debug|Any CPU.Build.0 = Debug|Any CPU
		{B59CFD06-8E23-4591-84DB-7429A0F3302A}.Release|Any CPU.ActiveCfg = Release|Any CPU
		{B59CFD06-8E23-4591-84DB-7429A0F3302A}.Release|Any CPU.Build.0 = Release|Any CPU
		{C6505F62-352A-461C-BF0D-86D626835B2B}.Debug|Any CPU.ActiveCfg = Debug|Any CPU
		{C6505F62-352A-461C-BF0D-86D626835B2B}.Debug|Any CPU.Build.0 = Debug|Any CPU
		{C6505F62-352A-461C-BF0D-86D626835B2B}.Release|Any CPU.ActiveCfg = Release|Any CPU
		{C6505F62-352A-461C-BF0D-86D626835B2B}.Release|Any CPU.Build.0 = Release|Any CPU
	EndGlobalSection
	GlobalSection(SolutionProperties) = preSolution
		HideSolutionNode = FALSE
	EndGlobalSection
EndGlobal
